
Microsoft Visual Studio Solution File, Format Version 10.00
# Visual Studio 2008
Project("{8BC9CEB8-8B4A-11D0-8D11-00A0C91BC942}") = "txhelperslib", "..\TxHelpers lib\txhelperslib.vcproj", "{06946132-0964-4C35-96D5-B703A7528593}"
EndProject
Project("{8BC9CEB8-8B4A-11D0-8D11-00A0C91BC942}") = "txmifare", "txmifare.vcproj", "{93D34594-B454-4EED-9F49-DC233D6142B7}"
EndProject
Global
	GlobalSection(SolutionConfigurationPlatforms) = preSolution
		Debug|CExxxxB_EN (ARMV4I) = Debug|CExxxxB_EN (ARMV4I)
		Debug|Pocket PC 2003 (ARMV4) = Debug|Pocket PC 2003 (ARMV4)
		Debug|STANDARDSDK_500 (ARMV4I) = Debug|STANDARDSDK_500 (ARMV4I)
		Debug|Win32 = Debug|Win32
		Release|CExxxxB_EN (ARMV4I) = Release|CExxxxB_EN (ARMV4I)
		Release|Pocket PC 2003 (ARMV4) = Release|Pocket PC 2003 (ARMV4)
		Release|STANDARDSDK_500 (ARMV4I) = Release|STANDARDSDK_500 (ARMV4I)
		Release|Win32 = Release|Win32
	EndGlobalSection
	GlobalSection(ProjectConfigurationPlatforms) = postSolution
		{06946132-0964-4C35-96D5-B703A7528593}.Debug|CExxxxB_EN (ARMV4I).ActiveCfg = Debug|CExxxxB_EN (ARMV4I)
		{06946132-0964-4C35-96D5-B703A7528593}.Debug|CExxxxB_EN (ARMV4I).Build.0 = Debug|CExxxxB_EN (ARMV4I)
		{06946132-0964-4C35-96D5-B703A7528593}.Debug|CExxxxB_EN (ARMV4I).Deploy.0 = Debug|CExxxxB_EN (ARMV4I)
		{06946132-0964-4C35-96D5-B703A7528593}.Debug|Pocket PC 2003 (ARMV4).ActiveCfg = Debug|Pocket PC 2003 (ARMV4)
		{06946132-0964-4C35-96D5-B703A7528593}.Debug|Pocket PC 2003 (ARMV4).Build.0 = Debug|Pocket PC 2003 (ARMV4)
		{06946132-0964-4C35-96D5-B703A7528593}.Debug|Pocket PC 2003 (ARMV4).Deploy.0 = Debug|Pocket PC 2003 (ARMV4)
		{06946132-0964-4C35-96D5-B703A7528593}.Debug|STANDARDSDK_500 (ARMV4I).ActiveCfg = Debug|STANDARDSDK_500 (ARMV4I)
		{06946132-0964-4C35-96D5-B703A7528593}.Debug|STANDARDSDK_500 (ARMV4I).Build.0 = Debug|STANDARDSDK_500 (ARMV4I)
		{06946132-0964-4C35-96D5-B703A7528593}.Debug|STANDARDSDK_500 (ARMV4I).Deploy.0 = Debug|STANDARDSDK_500 (ARMV4I)
		{06946132-0964-4C35-96D5-B703A7528593}.Debug|Win32.ActiveCfg = Debug|Win32
		{06946132-0964-4C35-96D5-B703A7528593}.Debug|Win32.Build.0 = Debug|Win32
		{06946132-0964-4C35-96D5-B703A7528593}.Release|CExxxxB_EN (ARMV4I).ActiveCfg = Release|CExxxxB_EN (ARMV4I)
		{06946132-0964-4C35-96D5-B703A7528593}.Release|CExxxxB_EN (ARMV4I).Build.0 = Release|CExxxxB_EN (ARMV4I)
		{06946132-0964-4C35-96D5-B703A7528593}.Release|CExxxxB_EN (ARMV4I).Deploy.0 = Release|CExxxxB_EN (ARMV4I)
		{06946132-0964-4C35-96D5-B703A7528593}.Release|Pocket PC 2003 (ARMV4).ActiveCfg = Release|Pocket PC 2003 (ARMV4)
		{06946132-0964-4C35-96D5-B703A7528593}.Release|Pocket PC 2003 (ARMV4).Build.0 = Release|Pocket PC 2003 (ARMV4)
		{06946132-0964-4C35-96D5-B703A7528593}.Release|Pocket PC 2003 (ARMV4).Deploy.0 = Release|Pocket PC 2003 (ARMV4)
		{06946132-0964-4C35-96D5-B703A7528593}.Release|STANDARDSDK_500 (ARMV4I).ActiveCfg = Release|STANDARDSDK_500 (ARMV4I)
		{06946132-0964-4C35-96D5-B703A7528593}.Release|STANDARDSDK_500 (ARMV4I).Build.0 = Release|STANDARDSDK_500 (ARMV4I)
		{06946132-0964-4C35-96D5-B703A7528593}.Release|STANDARDSDK_500 (ARMV4I).Deploy.0 = Release|STANDARDSDK_500 (ARMV4I)
		{06946132-0964-4C35-96D5-B703A7528593}.Release|Win32.ActiveCfg = Release|Win32
		{06946132-0964-4C35-96D5-B703A7528593}.Release|Win32.Build.0 = Release|Win32
		{93D34594-B454-4EED-9F49-DC233D6142B7}.Debug|CExxxxB_EN (ARMV4I).ActiveCfg = Debug|Win32
		{93D34594-B454-4EED-9F49-DC233D6142B7}.Debug|Pocket PC 2003 (ARMV4).ActiveCfg = Debug|Win32
		{93D34594-B454-4EED-9F49-DC233D6142B7}.Debug|STANDARDSDK_500 (ARMV4I).ActiveCfg = Debug|Win32
		{93D34594-B454-4EED-9F49-DC233D6142B7}.Debug|Win32.ActiveCfg = Debug|Win32
		{93D34594-B454-4EED-9F49-DC233D6142B7}.Debug|Win32.Build.0 = Debug|Win32
		{93D34594-B454-4EED-9F49-DC233D6142B7}.Release|CExxxxB_EN (ARMV4I).ActiveCfg = Release|Win32
		{93D34594-B454-4EED-9F49-DC233D6142B7}.Release|Pocket PC 2003 (ARMV4).ActiveCfg = Release|Win32
		{93D34594-B454-4EED-9F49-DC233D6142B7}.Release|STANDARDSDK_500 (ARMV4I).ActiveCfg = Release|Win32
		{93D34594-B454-4EED-9F49-DC233D6142B7}.Release|Win32.ActiveCfg = Release|Win32
		{93D34594-B454-4EED-9F49-DC233D6142B7}.Release|Win32.Build.0 = Release|Win32
	EndGlobalSection
	GlobalSection(SolutionProperties) = preSolution
		HideSolutionNode = FALSE
	EndGlobalSection
EndGlobal
